// !$*UTF8*$!
{
	archiveVersion = 1;
	classes = {
	};
	objectVersion = 46;
	objects = {

/* Begin PBXBuildFile section */
		7C1F75081648C9BF0050CCE9 /* ServiceManager.m in Sources */ = {isa = PBXBuildFile; fileRef = 7C1F75071648C9BF0050CCE9 /* ServiceManager.m */; };
		7C1F75281648CB210050CCE9 /* libfacebook_ios_sdk.a in Frameworks */ = {isa = PBXBuildFile; fileRef = 7C1F75141648CAB90050CCE9 /* libfacebook_ios_sdk.a */; };
		7C1F752A1648CB280050CCE9 /* Social.framework in Frameworks */ = {isa = PBXBuildFile; fileRef = 7C1F75291648CB280050CCE9 /* Social.framework */; };
		7C1F754B1648D2380050CCE9 /* Accounts.framework in Frameworks */ = {isa = PBXBuildFile; fileRef = 7C1F754A1648D2380050CCE9 /* Accounts.framework */; };
		7C1F754D1648D2730050CCE9 /* AdSupport.framework in Frameworks */ = {isa = PBXBuildFile; fileRef = 7C1F754C1648D2730050CCE9 /* AdSupport.framework */; };
		7C1F75511648D2E10050CCE9 /* libsqlite3.0.dylib in Frameworks */ = {isa = PBXBuildFile; fileRef = 7C1F75501648D2E10050CCE9 /* libsqlite3.0.dylib */; };
		7C379C7D164F989A00FAABB0 /* libSDWebImage.a in Frameworks */ = {isa = PBXBuildFile; fileRef = 7C379C7A164F984E00FAABB0 /* libSDWebImage.a */; };
		7C379C7F164F9C4000FAABB0 /* ImageIO.framework in Frameworks */ = {isa = PBXBuildFile; fileRef = 7C379C7E164F9C4000FAABB0 /* ImageIO.framework */; };
		7C49CAD116477E3D00035C30 /* UIKit.framework in Frameworks */ = {isa = PBXBuildFile; fileRef = 7C49CAD016477E3D00035C30 /* UIKit.framework */; };
		7C49CAD316477E3D00035C30 /* Foundation.framework in Frameworks */ = {isa = PBXBuildFile; fileRef = 7C49CAD216477E3D00035C30 /* Foundation.framework */; };
		7C49CAD516477E3D00035C30 /* CoreGraphics.framework in Frameworks */ = {isa = PBXBuildFile; fileRef = 7C49CAD416477E3D00035C30 /* CoreGraphics.framework */; };
		7C49CADB16477E3D00035C30 /* InfoPlist.strings in Resources */ = {isa = PBXBuildFile; fileRef = 7C49CAD916477E3D00035C30 /* InfoPlist.strings */; };
		7C49CADD16477E3D00035C30 /* main.m in Sources */ = {isa = PBXBuildFile; fileRef = 7C49CADC16477E3D00035C30 /* main.m */; };
		7C49CAE116477E3D00035C30 /* AppDelegate.m in Sources */ = {isa = PBXBuildFile; fileRef = 7C49CAE016477E3D00035C30 /* AppDelegate.m */; };
		7C49CAE316477E3D00035C30 /* Default.png in Resources */ = {isa = PBXBuildFile; fileRef = 7C49CAE216477E3D00035C30 /* Default.png */; };
		7C49CAE516477E3D00035C30 /* Default@2x.png in Resources */ = {isa = PBXBuildFile; fileRef = 7C49CAE416477E3D00035C30 /* Default@2x.png */; };
		7C49CAE716477E3D00035C30 /* Default-568h@2x.png in Resources */ = {isa = PBXBuildFile; fileRef = 7C49CAE616477E3D00035C30 /* Default-568h@2x.png */; };
		7C49CAEA16477E3E00035C30 /* MainStoryboard_iPhone.storyboard in Resources */ = {isa = PBXBuildFile; fileRef = 7C49CAE816477E3E00035C30 /* MainStoryboard_iPhone.storyboard */; };
		7C49CAED16477E3E00035C30 /* MainStoryboard_iPad.storyboard in Resources */ = {isa = PBXBuildFile; fileRef = 7C49CAEB16477E3E00035C30 /* MainStoryboard_iPad.storyboard */; };
		7C49CAF016477E3E00035C30 /* MainViewController.m in Sources */ = {isa = PBXBuildFile; fileRef = 7C49CAEF16477E3E00035C30 /* MainViewController.m */; };
		7C49CAF316477E3E00035C30 /* FlipsideViewController.m in Sources */ = {isa = PBXBuildFile; fileRef = 7C49CAF216477E3E00035C30 /* FlipsideViewController.m */; };
/* End PBXBuildFile section */

/* Begin PBXContainerItemProxy section */
		7C1F75131648CAB90050CCE9 /* PBXContainerItemProxy */ = {
			isa = PBXContainerItemProxy;
			containerPortal = 7C1F750B1648CAB80050CCE9 /* facebook-ios-sdk.xcodeproj */;
			proxyType = 2;
			remoteGlobalIDString = D2AAC07E0554694100DB518D;
			remoteInfo = "facebook-ios-sdk";
		};
		7C1F75151648CAB90050CCE9 /* PBXContainerItemProxy */ = {
			isa = PBXContainerItemProxy;
			containerPortal = 7C1F750B1648CAB80050CCE9 /* facebook-ios-sdk.xcodeproj */;
			proxyType = 2;
			remoteGlobalIDString = B9CBC519152537270036AA71;
			remoteInfo = FacebookSDKTests;
		};
		7C379C77164F984E00FAABB0 /* PBXContainerItemProxy */ = {
			isa = PBXContainerItemProxy;
			containerPortal = 7C379C6D164F984E00FAABB0 /* SDWebImage.xcodeproj */;
			proxyType = 2;
			remoteGlobalIDString = 53922D6F148C55820056699D;
			remoteInfo = SDWebImage;
		};
		7C379C79164F984E00FAABB0 /* PBXContainerItemProxy */ = {
			isa = PBXContainerItemProxy;
			containerPortal = 7C379C6D164F984E00FAABB0 /* SDWebImage.xcodeproj */;
			proxyType = 2;
			remoteGlobalIDString = 53761325155AD0D5005750A4;
			remoteInfo = "SDWebImage ARC";
		};
		7C379C7B164F984E00FAABB0 /* PBXContainerItemProxy */ = {
			isa = PBXContainerItemProxy;
			containerPortal = 7C379C6D164F984E00FAABB0 /* SDWebImage.xcodeproj */;
			proxyType = 2;
			remoteGlobalIDString = 531041E0157EAFA400BBABC3;
			remoteInfo = "SDWebImage ARC+MKAnnotation";
		};
/* End PBXContainerItemProxy section */

/* Begin PBXFileReference section */
		7C1F75061648C9BF0050CCE9 /* ServiceManager.h */ = {isa = PBXFileReference; fileEncoding = 4; lastKnownFileType = sourcecode.c.h; path = ServiceManager.h; sourceTree = "<group>"; };
		7C1F75071648C9BF0050CCE9 /* ServiceManager.m */ = {isa = PBXFileReference; fileEncoding = 4; lastKnownFileType = sourcecode.c.objc; path = ServiceManager.m; sourceTree = "<group>"; };
		7C1F750B1648CAB80050CCE9 /* facebook-ios-sdk.xcodeproj */ = {isa = PBXFileReference; lastKnownFileType = "wrapper.pb-project"; name = "facebook-ios-sdk.xcodeproj"; path = "facebook-ios-sdk/src/facebook-ios-sdk.xcodeproj"; sourceTree = "<group>"; };
		7C1F75291648CB280050CCE9 /* Social.framework */ = {isa = PBXFileReference; lastKnownFileType = wrapper.framework; name = Social.framework; path = System/Library/Frameworks/Social.framework; sourceTree = SDKROOT; };
		7C1F754A1648D2380050CCE9 /* Accounts.framework */ = {isa = PBXFileReference; lastKnownFileType = wrapper.framework; name = Accounts.framework; path = System/Library/Frameworks/Accounts.framework; sourceTree = SDKROOT; };
		7C1F754C1648D2730050CCE9 /* AdSupport.framework */ = {isa = PBXFileReference; lastKnownFileType = wrapper.framework; name = AdSupport.framework; path = System/Library/Frameworks/AdSupport.framework; sourceTree = SDKROOT; };
		7C1F754E1648D28A0050CCE9 /* CoreData.framework */ = {isa = PBXFileReference; lastKnownFileType = wrapper.framework; name = CoreData.framework; path = System/Library/Frameworks/CoreData.framework; sourceTree = SDKROOT; };
		7C1F75501648D2E10050CCE9 /* libsqlite3.0.dylib */ = {isa = PBXFileReference; lastKnownFileType = "compiled.mach-o.dylib"; name = libsqlite3.0.dylib; path = usr/lib/libsqlite3.0.dylib; sourceTree = SDKROOT; };
		7C379C6D164F984E00FAABB0 /* SDWebImage.xcodeproj */ = {isa = PBXFileReference; lastKnownFileType = "wrapper.pb-project"; name = SDWebImage.xcodeproj; path = SDWebImage/SDWebImage.xcodeproj; sourceTree = "<group>"; };
		7C379C7E164F9C4000FAABB0 /* ImageIO.framework */ = {isa = PBXFileReference; lastKnownFileType = wrapper.framework; name = ImageIO.framework; path = System/Library/Frameworks/ImageIO.framework; sourceTree = SDKROOT; };
		7C49CACC16477E3D00035C30 /* FBEventSlideshow.app */ = {isa = PBXFileReference; explicitFileType = wrapper.application; includeInIndex = 0; path = FBEventSlideshow.app; sourceTree = BUILT_PRODUCTS_DIR; };
		7C49CAD016477E3D00035C30 /* UIKit.framework */ = {isa = PBXFileReference; lastKnownFileType = wrapper.framework; name = UIKit.framework; path = System/Library/Frameworks/UIKit.framework; sourceTree = SDKROOT; };
		7C49CAD216477E3D00035C30 /* Foundation.framework */ = {isa = PBXFileReference; lastKnownFileType = wrapper.framework; name = Foundation.framework; path = System/Library/Frameworks/Foundation.framework; sourceTree = SDKROOT; };
		7C49CAD416477E3D00035C30 /* CoreGraphics.framework */ = {isa = PBXFileReference; lastKnownFileType = wrapper.framework; name = CoreGraphics.framework; path = System/Library/Frameworks/CoreGraphics.framework; sourceTree = SDKROOT; };
		7C49CAD816477E3D00035C30 /* FBEventSlideshow-Info.plist */ = {isa = PBXFileReference; lastKnownFileType = text.plist.xml; path = "FBEventSlideshow-Info.plist"; sourceTree = "<group>"; };
		7C49CADA16477E3D00035C30 /* en */ = {isa = PBXFileReference; lastKnownFileType = text.plist.strings; name = en; path = en.lproj/InfoPlist.strings; sourceTree = "<group>"; };
		7C49CADC16477E3D00035C30 /* main.m */ = {isa = PBXFileReference; lastKnownFileType = sourcecode.c.objc; path = main.m; sourceTree = "<group>"; };
		7C49CADE16477E3D00035C30 /* FBEventSlideshow-Prefix.pch */ = {isa = PBXFileReference; lastKnownFileType = sourcecode.c.h; path = "FBEventSlideshow-Prefix.pch"; sourceTree = "<group>"; };
		7C49CADF16477E3D00035C30 /* AppDelegate.h */ = {isa = PBXFileReference; lastKnownFileType = sourcecode.c.h; path = AppDelegate.h; sourceTree = "<group>"; };
		7C49CAE016477E3D00035C30 /* AppDelegate.m */ = {isa = PBXFileReference; lastKnownFileType = sourcecode.c.objc; path = AppDelegate.m; sourceTree = "<group>"; };
		7C49CAE216477E3D00035C30 /* Default.png */ = {isa = PBXFileReference; lastKnownFileType = image.png; path = Default.png; sourceTree = "<group>"; };
		7C49CAE416477E3D00035C30 /* Default@2x.png */ = {isa = PBXFileReference; lastKnownFileType = image.png; path = "Default@2x.png"; sourceTree = "<group>"; };
		7C49CAE616477E3D00035C30 /* Default-568h@2x.png */ = {isa = PBXFileReference; lastKnownFileType = image.png; path = "Default-568h@2x.png"; sourceTree = "<group>"; };
		7C49CAE916477E3E00035C30 /* en */ = {isa = PBXFileReference; lastKnownFileType = file.storyboard; name = en; path = en.lproj/MainStoryboard_iPhone.storyboard; sourceTree = "<group>"; };
		7C49CAEC16477E3E00035C30 /* en */ = {isa = PBXFileReference; lastKnownFileType = file.storyboard; name = en; path = en.lproj/MainStoryboard_iPad.storyboard; sourceTree = "<group>"; };
		7C49CAEE16477E3E00035C30 /* MainViewController.h */ = {isa = PBXFileReference; lastKnownFileType = sourcecode.c.h; path = MainViewController.h; sourceTree = "<group>"; };
		7C49CAEF16477E3E00035C30 /* MainViewController.m */ = {isa = PBXFileReference; lastKnownFileType = sourcecode.c.objc; path = MainViewController.m; sourceTree = "<group>"; };
		7C49CAF116477E3E00035C30 /* FlipsideViewController.h */ = {isa = PBXFileReference; lastKnownFileType = sourcecode.c.h; path = FlipsideViewController.h; sourceTree = "<group>"; };
		7C49CAF216477E3E00035C30 /* FlipsideViewController.m */ = {isa = PBXFileReference; lastKnownFileType = sourcecode.c.objc; path = FlipsideViewController.m; sourceTree = "<group>"; };
/* End PBXFileReference section */

/* Begin PBXFrameworksBuildPhase section */
		7C49CAC916477E3D00035C30 /* Frameworks */ = {
			isa = PBXFrameworksBuildPhase;
			buildActionMask = 2147483647;
			files = (
				7C379C7F164F9C4000FAABB0 /* ImageIO.framework in Frameworks */,
				7C379C7D164F989A00FAABB0 /* libSDWebImage.a in Frameworks */,
				7C1F75511648D2E10050CCE9 /* libsqlite3.0.dylib in Frameworks */,
				7C1F754D1648D2730050CCE9 /* AdSupport.framework in Frameworks */,
				7C1F754B1648D2380050CCE9 /* Accounts.framework in Frameworks */,
				7C1F752A1648CB280050CCE9 /* Social.framework in Frameworks */,
				7C1F75281648CB210050CCE9 /* libfacebook_ios_sdk.a in Frameworks */,
				7C49CAD116477E3D00035C30 /* UIKit.framework in Frameworks */,
				7C49CAD316477E3D00035C30 /* Foundation.framework in Frameworks */,
				7C49CAD516477E3D00035C30 /* CoreGraphics.framework in Frameworks */,
			);
			runOnlyForDeploymentPostprocessing = 0;
		};
/* End PBXFrameworksBuildPhase section */

/* Begin PBXGroup section */
		7C1F750A1648CA9F0050CCE9 /* Externals */ = {
			isa = PBXGroup;
			children = (
				7C379C6D164F984E00FAABB0 /* SDWebImage.xcodeproj */,
				7C1F750B1648CAB80050CCE9 /* facebook-ios-sdk.xcodeproj */,
			);
			name = Externals;
			sourceTree = "<group>";
		};
		7C1F750C1648CAB80050CCE9 /* Products */ = {
			isa = PBXGroup;
			children = (
				7C1F75141648CAB90050CCE9 /* libfacebook_ios_sdk.a */,
				7C1F75161648CAB90050CCE9 /* FacebookSDKTests.octest */,
			);
			name = Products;
			sourceTree = "<group>";
		};
		7C379C6E164F984E00FAABB0 /* Products */ = {
			isa = PBXGroup;
			children = (
				7C379C78164F984E00FAABB0 /* libSDWebImage.a */,
				7C379C7A164F984E00FAABB0 /* libSDWebImage.a */,
				7C379C7C164F984E00FAABB0 /* libSDWebImageARC+MKAnnotation.a */,
			);
			name = Products;
			sourceTree = "<group>";
		};
		7C49CAC116477E3D00035C30 = {
			isa = PBXGroup;
			children = (
				7C379C7E164F9C4000FAABB0 /* ImageIO.framework */,
				7C49CAD616477E3D00035C30 /* FBEventSlideshow */,
				7C1F750A1648CA9F0050CCE9 /* Externals */,
				7C49CACF16477E3D00035C30 /* Frameworks */,
				7C49CACD16477E3D00035C30 /* Products */,
			);
			sourceTree = "<group>";
		};
		7C49CACD16477E3D00035C30 /* Products */ = {
			isa = PBXGroup;
			children = (
				7C49CACC16477E3D00035C30 /* FBEventSlideshow.app */,
			);
			name = Products;
			sourceTree = "<group>";
		};
		7C49CACF16477E3D00035C30 /* Frameworks */ = {
			isa = PBXGroup;
			children = (
				7C1F75501648D2E10050CCE9 /* libsqlite3.0.dylib */,
				7C1F754E1648D28A0050CCE9 /* CoreData.framework */,
				7C1F754C1648D2730050CCE9 /* AdSupport.framework */,
				7C1F754A1648D2380050CCE9 /* Accounts.framework */,
				7C1F75291648CB280050CCE9 /* Social.framework */,
				7C49CAD016477E3D00035C30 /* UIKit.framework */,
				7C49CAD216477E3D00035C30 /* Foundation.framework */,
				7C49CAD416477E3D00035C30 /* CoreGraphics.framework */,
			);
			name = Frameworks;
			sourceTree = "<group>";
		};
		7C49CAD616477E3D00035C30 /* FBEventSlideshow */ = {
			isa = PBXGroup;
			children = (
				7C49CADF16477E3D00035C30 /* AppDelegate.h */,
				7C49CAE016477E3D00035C30 /* AppDelegate.m */,
				7C49CAE816477E3E00035C30 /* MainStoryboard_iPhone.storyboard */,
				7C49CAEB16477E3E00035C30 /* MainStoryboard_iPad.storyboard */,
				7C49CAEE16477E3E00035C30 /* MainViewController.h */,
				7C49CAEF16477E3E00035C30 /* MainViewController.m */,
				7C49CAF116477E3E00035C30 /* FlipsideViewController.h */,
				7C49CAF216477E3E00035C30 /* FlipsideViewController.m */,
				7C1F75061648C9BF0050CCE9 /* ServiceManager.h */,
				7C1F75071648C9BF0050CCE9 /* ServiceManager.m */,
				7C49CAD716477E3D00035C30 /* Supporting Files */,
			);
			path = FBEventSlideshow;
			sourceTree = "<group>";
		};
		7C49CAD716477E3D00035C30 /* Supporting Files */ = {
			isa = PBXGroup;
			children = (
				7C49CAD816477E3D00035C30 /* FBEventSlideshow-Info.plist */,
				7C49CAD916477E3D00035C30 /* InfoPlist.strings */,
				7C49CADC16477E3D00035C30 /* main.m */,
				7C49CADE16477E3D00035C30 /* FBEventSlideshow-Prefix.pch */,
				7C49CAE216477E3D00035C30 /* Default.png */,
				7C49CAE416477E3D00035C30 /* Default@2x.png */,
				7C49CAE616477E3D00035C30 /* Default-568h@2x.png */,
			);
			name = "Supporting Files";
			sourceTree = "<group>";
		};
/* End PBXGroup section */

/* Begin PBXNativeTarget section */
		7C49CACB16477E3D00035C30 /* FBEventSlideshow */ = {
			isa = PBXNativeTarget;
			buildConfigurationList = 7C49CAF616477E3E00035C30 /* Build configuration list for PBXNativeTarget "FBEventSlideshow" */;
			buildPhases = (
				7C49CAC816477E3D00035C30 /* Sources */,
				7C49CAC916477E3D00035C30 /* Frameworks */,
				7C49CACA16477E3D00035C30 /* Resources */,
			);
			buildRules = (
			);
			dependencies = (
			);
			name = FBEventSlideshow;
			productName = FBEventSlideshow;
			productReference = 7C49CACC16477E3D00035C30 /* FBEventSlideshow.app */;
			productType = "com.apple.product-type.application";
		};
/* End PBXNativeTarget section */

/* Begin PBXProject section */
		7C49CAC316477E3D00035C30 /* Project object */ = {
			isa = PBXProject;
			attributes = {
				LastUpgradeCheck = 0450;
				ORGANIZATIONNAME = "Joseph Lin";
			};
			buildConfigurationList = 7C49CAC616477E3D00035C30 /* Build configuration list for PBXProject "FBEventSlideshow" */;
			compatibilityVersion = "Xcode 3.2";
			developmentRegion = English;
			hasScannedForEncodings = 0;
			knownRegions = (
				en,
			);
			mainGroup = 7C49CAC116477E3D00035C30;
			productRefGroup = 7C49CACD16477E3D00035C30 /* Products */;
			projectDirPath = "";
			projectReferences = (
				{
					ProductGroup = 7C1F750C1648CAB80050CCE9 /* Products */;
					ProjectRef = 7C1F750B1648CAB80050CCE9 /* facebook-ios-sdk.xcodeproj */;
				},
				{
					ProductGroup = 7C379C6E164F984E00FAABB0 /* Products */;
					ProjectRef = 7C379C6D164F984E00FAABB0 /* SDWebImage.xcodeproj */;
				},
			);
			projectRoot = "";
			targets = (
				7C49CACB16477E3D00035C30 /* FBEventSlideshow */,
			);
		};
/* End PBXProject section */

/* Begin PBXReferenceProxy section */
		7C1F75141648CAB90050CCE9 /* libfacebook_ios_sdk.a */ = {
			isa = PBXReferenceProxy;
			fileType = archive.ar;
			path = libfacebook_ios_sdk.a;
			remoteRef = 7C1F75131648CAB90050CCE9 /* PBXContainerItemProxy */;
			sourceTree = BUILT_PRODUCTS_DIR;
		};
		7C1F75161648CAB90050CCE9 /* FacebookSDKTests.octest */ = {
			isa = PBXReferenceProxy;
			fileType = wrapper.cfbundle;
			path = FacebookSDKTests.octest;
			remoteRef = 7C1F75151648CAB90050CCE9 /* PBXContainerItemProxy */;
			sourceTree = BUILT_PRODUCTS_DIR;
		};
		7C379C78164F984E00FAABB0 /* libSDWebImage.a */ = {
			isa = PBXReferenceProxy;
			fileType = archive.ar;
			path = libSDWebImage.a;
			remoteRef = 7C379C77164F984E00FAABB0 /* PBXContainerItemProxy */;
			sourceTree = BUILT_PRODUCTS_DIR;
		};
		7C379C7A164F984E00FAABB0 /* libSDWebImage.a */ = {
			isa = PBXReferenceProxy;
			fileType = archive.ar;
			path = libSDWebImage.a;
			remoteRef = 7C379C79164F984E00FAABB0 /* PBXContainerItemProxy */;
			sourceTree = BUILT_PRODUCTS_DIR;
		};
		7C379C7C164F984E00FAABB0 /* libSDWebImageARC+MKAnnotation.a */ = {
			isa = PBXReferenceProxy;
			fileType = archive.ar;
			path = "libSDWebImageARC+MKAnnotation.a";
			remoteRef = 7C379C7B164F984E00FAABB0 /* PBXContainerItemProxy */;
			sourceTree = BUILT_PRODUCTS_DIR;
		};
/* End PBXReferenceProxy section */

/* Begin PBXResourcesBuildPhase section */
		7C49CACA16477E3D00035C30 /* Resources */ = {
			isa = PBXResourcesBuildPhase;
			buildActionMask = 2147483647;
			files = (
				7C49CADB16477E3D00035C30 /* InfoPlist.strings in Resources */,
				7C49CAE316477E3D00035C30 /* Default.png in Resources */,
				7C49CAE516477E3D00035C30 /* Default@2x.png in Resources */,
				7C49CAE716477E3D00035C30 /* Default-568h@2x.png in Resources */,
				7C49CAEA16477E3E00035C30 /* MainStoryboard_iPhone.storyboard in Resources */,
				7C49CAED16477E3E00035C30 /* MainStoryboard_iPad.storyboard in Resources */,
			);
			runOnlyForDeploymentPostprocessing = 0;
		};
/* End PBXResourcesBuildPhase section */

/* Begin PBXSourcesBuildPhase section */
		7C49CAC816477E3D00035C30 /* Sources */ = {
			isa = PBXSourcesBuildPhase;
			buildActionMask = 2147483647;
			files = (
				7C49CADD16477E3D00035C30 /* main.m in Sources */,
				7C49CAE116477E3D00035C30 /* AppDelegate.m in Sources */,
				7C49CAF016477E3E00035C30 /* MainViewController.m in Sources */,
				7C49CAF316477E3E00035C30 /* FlipsideViewController.m in Sources */,
				7C1F75081648C9BF0050CCE9 /* ServiceManager.m in Sources */,
			);
			runOnlyForDeploymentPostprocessing = 0;
		};
/* End PBXSourcesBuildPhase section */

/* Begin PBXVariantGroup section */
		7C49CAD916477E3D00035C30 /* InfoPlist.strings */ = {
			isa = PBXVariantGroup;
			children = (
				7C49CADA16477E3D00035C30 /* en */,
			);
			name = InfoPlist.strings;
			sourceTree = "<group>";
		};
		7C49CAE816477E3E00035C30 /* MainStoryboard_iPhone.storyboard */ = {
			isa = PBXVariantGroup;
			children = (
				7C49CAE916477E3E00035C30 /* en */,
			);
			name = MainStoryboard_iPhone.storyboard;
			sourceTree = "<group>";
		};
		7C49CAEB16477E3E00035C30 /* MainStoryboard_iPad.storyboard */ = {
			isa = PBXVariantGroup;
			children = (
				7C49CAEC16477E3E00035C30 /* en */,
			);
			name = MainStoryboard_iPad.storyboard;
			sourceTree = "<group>";
		};
/* End PBXVariantGroup section */

/* Begin XCBuildConfiguration section */
		7C49CAF416477E3E00035C30 /* Debug */ = {
			isa = XCBuildConfiguration;
			buildSettings = {
				ALWAYS_SEARCH_USER_PATHS = NO;
				CLANG_CXX_LANGUAGE_STANDARD = "gnu++0x";
				CLANG_CXX_LIBRARY = "libc++";
				CLANG_ENABLE_OBJC_ARC = YES;
				CLANG_WARN_EMPTY_BODY = YES;
				CLANG_WARN__DUPLICATE_METHOD_MATCH = YES;
				"CODE_SIGN_IDENTITY[sdk=iphoneos*]" = "iPhone Developer";
				COPY_PHASE_STRIP = NO;
				GCC_C_LANGUAGE_STANDARD = gnu99;
				GCC_DYNAMIC_NO_PIC = NO;
				GCC_OPTIMIZATION_LEVEL = 0;
				GCC_PREPROCESSOR_DEFINITIONS = (
					"DEBUG=1",
					"$(inherited)",
				);
				GCC_SYMBOLS_PRIVATE_EXTERN = NO;
				GCC_WARN_ABOUT_RETURN_TYPE = YES;
				GCC_WARN_UNINITIALIZED_AUTOS = YES;
				GCC_WARN_UNUSED_VARIABLE = YES;
				IPHONEOS_DEPLOYMENT_TARGET = 6.0;
				ONLY_ACTIVE_ARCH = YES;
				SDKROOT = iphoneos;
				TARGETED_DEVICE_FAMILY = "1,2";
			};
			name = Debug;
		};
		7C49CAF516477E3E00035C30 /* Release */ = {
			isa = XCBuildConfiguration;
			buildSettings = {
				ALWAYS_SEARCH_USER_PATHS = NO;
				CLANG_CXX_LANGUAGE_STANDARD = "gnu++0x";
				CLANG_CXX_LIBRARY = "libc++";
				CLANG_ENABLE_OBJC_ARC = YES;
				CLANG_WARN_EMPTY_BODY = YES;
				CLANG_WARN__DUPLICATE_METHOD_MATCH = YES;
				"CODE_SIGN_IDENTITY[sdk=iphoneos*]" = "iPhone Developer";
				COPY_PHASE_STRIP = YES;
				GCC_C_LANGUAGE_STANDARD = gnu99;
				GCC_WARN_ABOUT_RETURN_TYPE = YES;
				GCC_WARN_UNINITIALIZED_AUTOS = YES;
				GCC_WARN_UNUSED_VARIABLE = YES;
				IPHONEOS_DEPLOYMENT_TARGET = 6.0;
				OTHER_CFLAGS = "-DNS_BLOCK_ASSERTIONS=1";
				SDKROOT = iphoneos;
				TARGETED_DEVICE_FAMILY = "1,2";
				VALIDATE_PRODUCT = YES;
			};
			name = Release;
		};
		7C49CAF716477E3E00035C30 /* Debug */ = {
			isa = XCBuildConfiguration;
			buildSettings = {
				GCC_PRECOMPILE_PREFIX_HEADER = YES;
				GCC_PREFIX_HEADER = "FBEventSlideshow/FBEventSlideshow-Prefix.pch";
				HEADER_SEARCH_PATHS = (
					"\"$(SOURCE_ROOT)/facebook-ios-sdk/src\"",
					"\"$(SOURCE_ROOT)/SDWebImage/SDWebImage\"",
				);
				INFOPLIST_FILE = "FBEventSlideshow/FBEventSlideshow-Info.plist";
				OTHER_LDFLAGS = "-ObjC";
				PRODUCT_NAME = "$(TARGET_NAME)";
				WRAPPER_EXTENSION = app;
			};
			name = Debug;
		};
		7C49CAF816477E3E00035C30 /* Release */ = {
			isa = XCBuildConfiguration;
			buildSettings = {
				GCC_PRECOMPILE_PREFIX_HEADER = YES;
				GCC_PREFIX_HEADER = "FBEventSlideshow/FBEventSlideshow-Prefix.pch";
				HEADER_SEARCH_PATHS = (
					"\"$(SOURCE_ROOT)/facebook-ios-sdk/src\"",
					"\"$(SOURCE_ROOT)/SDWebImage/SDWebImage\"",
				);
				INFOPLIST_FILE = "FBEventSlideshow/FBEventSlideshow-Info.plist";
				OTHER_LDFLAGS = "-ObjC";
				PRODUCT_NAME = "$(TARGET_NAME)";
				WRAPPER_EXTENSION = app;
			};
			name = Release;
		};
/* End XCBuildConfiguration section */

/* Begin XCConfigurationList section */
		7C49CAC616477E3D00035C30 /* Build configuration list for PBXProject "FBEventSlideshow" */ = {
			isa = XCConfigurationList;
			buildConfigurations = (
				7C49CAF416477E3E00035C30 /* Debug */,
				7C49CAF516477E3E00035C30 /* Release */,
			);
			defaultConfigurationIsVisible = 0;
			defaultConfigurationName = Release;
		};
		7C49CAF616477E3E00035C30 /* Build configuration list for PBXNativeTarget "FBEventSlideshow" */ = {
			isa = XCConfigurationList;
			buildConfigurations = (
				7C49CAF716477E3E00035C30 /* Debug */,
				7C49CAF816477E3E00035C30 /* Release */,
			);
			defaultConfigurationIsVisible = 0;
			defaultConfigurationName = Release;
		};
/* End XCConfigurationList section */
	};
	rootObject = 7C49CAC316477E3D00035C30 /* Project object */;
}
